
Microsoft Visual Studio Solution File, Format Version 12.00
# Visual Studio Version 17
VisualStudioVersion = 17.1.32210.238
MinimumVisualStudioVersion = 10.0.40219.1
Project("{FAE04EC0-301F-11D3-BF4B-00C04F79EFBC}") = "SocialMediaApp.Server", "SocialMediaApp\Server\SocialMediaApp.Server.csproj", "{64082026-E368-4C6D-A040-97B7DA74BFF2}"
EndProject
Project("{FAE04EC0-301F-11D3-BF4B-00C04F79EFBC}") = "SocialMediaApp.Client", "SocialMediaApp\Client\SocialMediaApp.Client.csproj", "{984DDD4B-2AE2-4857-8D51-5832637F55FF}"
EndProject
Project("{FAE04EC0-301F-11D3-BF4B-00C04F79EFBC}") = "SocialMediaApp.Shared", "SocialMediaApp\Shared\SocialMediaApp.Shared.csproj", "{F6350935-DE37-4062-BE4C-9C2129B3E4D2}"
EndProject
Global
	GlobalSection(SolutionConfigurationPlatforms) = preSolution
		Debug|Any CPU = Debug|Any CPU
		Release|Any CPU = Release|Any CPU
	EndGlobalSection
	GlobalSection(ProjectConfigurationPlatforms) = postSolution
		{64082026-E368-4C6D-A040-97B7DA74BFF2}.Debug|Any CPU.ActiveCfg = Debug|Any CPU
		{64082026-E368-4C6D-A040-97B7DA74BFF2}.Debug|Any CPU.Build.0 = Debug|Any CPU
		{64082026-E368-4C6D-A040-97B7DA74BFF2}.Release|Any CPU.ActiveCfg = Release|Any CPU
		{64082026-E368-4C6D-A040-97B7DA74BFF2}.Release|Any CPU.Build.0 = Release|Any CPU
		{984DDD4B-2AE2-4857-8D51-5832637F55FF}.Debug|Any CPU.ActiveCfg = Debug|Any CPU
		{984DDD4B-2AE2-4857-8D51-5832637F55FF}.Debug|Any CPU.Build.0 = Debug|Any CPU
		{984DDD4B-2AE2-4857-8D51-5832637F55FF}.Release|Any CPU.ActiveCfg = Release|Any CPU
		{984DDD4B-2AE2-4857-8D51-5832637F55FF}.Release|Any CPU.Build.0 = Release|Any CPU
		{F6350935-DE37-4062-BE4C-9C2129B3E4D2}.Debug|Any CPU.ActiveCfg = Debug|Any CPU
		{F6350935-DE37-4062-BE4C-9C2129B3E4D2}.Debug|Any CPU.Build.0 = Debug|Any CPU
		{F6350935-DE37-4062-BE4C-9C2129B3E4D2}.Release|Any CPU.ActiveCfg = Release|Any CPU
		{F6350935-DE37-4062-BE4C-9C2129B3E4D2}.Release|Any CPU.Build.0 = Release|Any CPU
	EndGlobalSection
	GlobalSection(SolutionProperties) = preSolution
		HideSolutionNode = FALSE
	EndGlobalSection
	GlobalSection(ExtensibilityGlobals) = postSolution
		SolutionGuid = {D131B09F-0194-4C7D-8F1C-80C876B69E9E}
	EndGlobalSection
EndGlobal
